// !$*UTF8*$!
{
	archiveVersion = 1;
	classes = {
	};
	objectVersion = 56;
	objects = {

/* Begin PBXBuildFile section */
		E78D175E292B477600FC3F33 /* LearningAppApp.swift in Sources */ = {isa = PBXBuildFile; fileRef = E78D175D292B477600FC3F33 /* LearningAppApp.swift */; };
		E78D1760292B477600FC3F33 /* ContentView.swift in Sources */ = {isa = PBXBuildFile; fileRef = E78D175F292B477600FC3F33 /* ContentView.swift */; };
		E78D1762292B477700FC3F33 /* Assets.xcassets in Resources */ = {isa = PBXBuildFile; fileRef = E78D1761292B477700FC3F33 /* Assets.xcassets */; };
		E78D1765292B477700FC3F33 /* Preview Assets.xcassets in Resources */ = {isa = PBXBuildFile; fileRef = E78D1764292B477700FC3F33 /* Preview Assets.xcassets */; };
		E78D176F292B477700FC3F33 /* LearningAppTests.swift in Sources */ = {isa = PBXBuildFile; fileRef = E78D176E292B477700FC3F33 /* LearningAppTests.swift */; };
		E78D1779292B477700FC3F33 /* LearningAppUITests.swift in Sources */ = {isa = PBXBuildFile; fileRef = E78D1778292B477700FC3F33 /* LearningAppUITests.swift */; };
		E78D177B292B477700FC3F33 /* LearningAppUITestsLaunchTests.swift in Sources */ = {isa = PBXBuildFile; fileRef = E78D177A292B477700FC3F33 /* LearningAppUITestsLaunchTests.swift */; };
/* End PBXBuildFile section */

/* Begin PBXContainerItemProxy section */
		E78D176B292B477700FC3F33 /* PBXContainerItemProxy */ = {
			isa = PBXContainerItemProxy;
			containerPortal = E78D1752292B477600FC3F33 /* Project object */;
			proxyType = 1;
			remoteGlobalIDString = E78D1759292B477600FC3F33;
			remoteInfo = LearningApp;
		};
		E78D1775292B477700FC3F33 /* PBXContainerItemProxy */ = {
			isa = PBXContainerItemProxy;
			containerPortal = E78D1752292B477600FC3F33 /* Project object */;
			proxyType = 1;
			remoteGlobalIDString = E78D1759292B477600FC3F33;
			remoteInfo = LearningApp;
		};
/* End PBXContainerItemProxy section */

/* Begin PBXFileReference section */
		E78D175A292B477600FC3F33 /* LearningApp.app */ = {isa = PBXFileReference; explicitFileType = wrapper.application; includeInIndex = 0; path = LearningApp.app; sourceTree = BUILT_PRODUCTS_DIR; };
		E78D175D292B477600FC3F33 /* LearningAppApp.swift */ = {isa = PBXFileReference; lastKnownFileType = sourcecode.swift; path = LearningAppApp.swift; sourceTree = "<group>"; };
		E78D175F292B477600FC3F33 /* ContentView.swift */ = {isa = PBXFileReference; lastKnownFileType = sourcecode.swift; path = ContentView.swift; sourceTree = "<group>"; };
		E78D1761292B477700FC3F33 /* Assets.xcassets */ = {isa = PBXFileReference; lastKnownFileType = folder.assetcatalog; path = Assets.xcassets; sourceTree = "<group>"; };
		E78D1764292B477700FC3F33 /* Preview Assets.xcassets */ = {isa = PBXFileReference; lastKnownFileType = folder.assetcatalog; path = "Preview Assets.xcassets"; sourceTree = "<group>"; };
		E78D176A292B477700FC3F33 /* LearningAppTests.xctest */ = {isa = PBXFileReference; explicitFileType = wrapper.cfbundle; includeInIndex = 0; path = LearningAppTests.xctest; sourceTree = BUILT_PRODUCTS_DIR; };
		E78D176E292B477700FC3F33 /* LearningAppTests.swift */ = {isa = PBXFileReference; lastKnownFileType = sourcecode.swift; path = LearningAppTests.swift; sourceTree = "<group>"; };
		E78D1774292B477700FC3F33 /* LearningAppUITests.xctest */ = {isa = PBXFileReference; explicitFileType = wrapper.cfbundle; includeInIndex = 0; path = LearningAppUITests.xctest; sourceTree = BUILT_PRODUCTS_DIR; };
		E78D1778292B477700FC3F33 /* LearningAppUITests.swift */ = {isa = PBXFileReference; lastKnownFileType = sourcecode.swift; path = LearningAppUITests.swift; sourceTree = "<group>"; };
		E78D177A292B477700FC3F33 /* LearningAppUITestsLaunchTests.swift */ = {isa = PBXFileReference; lastKnownFileType = sourcecode.swift; path = LearningAppUITestsLaunchTests.swift; sourceTree = "<group>"; };
/* End PBXFileReference section */

/* Begin PBXFrameworksBuildPhase section */
		E78D1757292B477600FC3F33 /* Frameworks */ = {
			isa = PBXFrameworksBuildPhase;
			buildActionMask = 2147483647;
			files = (
			);
			runOnlyForDeploymentPostprocessing = 0;
		};
		E78D1767292B477700FC3F33 /* Frameworks */ = {
			isa = PBXFrameworksBuildPhase;
			buildActionMask = 2147483647;
			files = (
			);
			runOnlyForDeploymentPostprocessing = 0;
		};
		E78D1771292B477700FC3F33 /* Frameworks */ = {
			isa = PBXFrameworksBuildPhase;
			buildActionMask = 2147483647;
			files = (
			);
			runOnlyForDeploymentPostprocessing = 0;
		};
/* End PBXFrameworksBuildPhase section */

/* Begin PBXGroup section */
		E78D1751292B477600FC3F33 = {
			isa = PBXGroup;
			children = (
				E78D175C292B477600FC3F33 /* LearningApp */,
				E78D176D292B477700FC3F33 /* LearningAppTests */,
				E78D1777292B477700FC3F33 /* LearningAppUITests */,
				E78D175B292B477600FC3F33 /* Products */,
			);
			sourceTree = "<group>";
		};
		E78D175B292B477600FC3F33 /* Products */ = {
			isa = PBXGroup;
			children = (
				E78D175A292B477600FC3F33 /* LearningApp.app */,
				E78D176A292B477700FC3F33 /* LearningAppTests.xctest */,
				E78D1774292B477700FC3F33 /* LearningAppUITests.xctest */,
			);
			name = Products;
			sourceTree = "<group>";
		};
		E78D175C292B477600FC3F33 /* LearningApp */ = {
			isa = PBXGroup;
			children = (
				E78D175D292B477600FC3F33 /* LearningAppApp.swift */,
				E78D175F292B477600FC3F33 /* ContentView.swift */,
				E78D1761292B477700FC3F33 /* Assets.xcassets */,
				E78D1763292B477700FC3F33 /* Preview Content */,
			);
			path = LearningApp;
			sourceTree = "<group>";
		};
		E78D1763292B477700FC3F33 /* Preview Content */ = {
			isa = PBXGroup;
			children = (
				E78D1764292B477700FC3F33 /* Preview Assets.xcassets */,
			);
			path = "Preview Content";
			sourceTree = "<group>";
		};
		E78D176D292B477700FC3F33 /* LearningAppTests */ = {
			isa = PBXGroup;
			children = (
				E78D176E292B477700FC3F33 /* LearningAppTests.swift */,
			);
			path = LearningAppTests;
			sourceTree = "<group>";
		};
		E78D1777292B477700FC3F33 /* LearningAppUITests */ = {
			isa = PBXGroup;
			children = (
				E78D1778292B477700FC3F33 /* LearningAppUITests.swift */,
				E78D177A292B477700FC3F33 /* LearningAppUITestsLaunchTests.swift */,
			);
			path = LearningAppUITests;
			sourceTree = "<group>";
		};
/* End PBXGroup section */

/* Begin PBXNativeTarget section */
		E78D1759292B477600FC3F33 /* LearningApp */ = {
			isa = PBXNativeTarget;
			buildConfigurationList = E78D177E292B477700FC3F33 /* Build configuration list for PBXNativeTarget "LearningApp" */;
			buildPhases = (
				E78D1756292B477600FC3F33 /* Sources */,
				E78D1757292B477600FC3F33 /* Frameworks */,
				E78D1758292B477600FC3F33 /* Resources */,
			);
			buildRules = (
			);
			dependencies = (
			);
			name = LearningApp;
			productName = LearningApp;
			productReference = E78D175A292B477600FC3F33 /* LearningApp.app */;
			productType = "com.apple.product-type.application";
		};
		E78D1769292B477700FC3F33 /* LearningAppTests */ = {
			isa = PBXNativeTarget;
			buildConfigurationList = E78D1781292B477700FC3F33 /* Build configuration list for PBXNativeTarget "LearningAppTests" */;
			buildPhases = (
				E78D1766292B477700FC3F33 /* Sources */,
				E78D1767292B477700FC3F33 /* Frameworks */,
				E78D1768292B477700FC3F33 /* Resources */,
			);
			buildRules = (
			);
			dependencies = (
				E78D176C292B477700FC3F33 /* PBXTargetDependency */,
			);
			name = LearningAppTests;
			productName = LearningAppTests;
			productReference = E78D176A292B477700FC3F33 /* LearningAppTests.xctest */;
			productType = "com.apple.product-type.bundle.unit-test";
		};
		E78D1773292B477700FC3F33 /* LearningAppUITests */ = {
			isa = PBXNativeTarget;
			buildConfigurationList = E78D1784292B477700FC3F33 /* Build configuration list for PBXNativeTarget "LearningAppUITests" */;
			buildPhases = (
				E78D1770292B477700FC3F33 /* Sources */,
				E78D1771292B477700FC3F33 /* Frameworks */,
				E78D1772292B477700FC3F33 /* Resources */,
			);
			buildRules = (
			);
			dependencies = (
				E78D1776292B477700FC3F33 /* PBXTargetDependency */,
			);
			name = LearningAppUITests;
			productName = LearningAppUITests;
			productReference = E78D1774292B477700FC3F33 /* LearningAppUITests.xctest */;
			productType = "com.apple.product-type.bundle.ui-testing";
		};
/* End PBXNativeTarget section */

/* Begin PBXProject section */
		E78D1752292B477600FC3F33 /* Project object */ = {
			isa = PBXProject;
			attributes = {
				BuildIndependentTargetsInParallel = 1;
				LastSwiftUpdateCheck = 1410;
				LastUpgradeCheck = 1410;
				TargetAttributes = {
					E78D1759292B477600FC3F33 = {
						CreatedOnToolsVersion = 14.1;
					};
					E78D1769292B477700FC3F33 = {
						CreatedOnToolsVersion = 14.1;
						TestTargetID = E78D1759292B477600FC3F33;
					};
					E78D1773292B477700FC3F33 = {
						CreatedOnToolsVersion = 14.1;
						TestTargetID = E78D1759292B477600FC3F33;
					};
				};
			};
			buildConfigurationList = E78D1755292B477600FC3F33 /* Build configuration list for PBXProject "LearningApp" */;
			compatibilityVersion = "Xcode 14.0";
			developmentRegion = en;
			hasScannedForEncodings = 0;
			knownRegions = (
				en,
				Base,
			);
			mainGroup = E78D1751292B477600FC3F33;
			productRefGroup = E78D175B292B477600FC3F33 /* Products */;
			projectDirPath = "";
			projectRoot = "";
			targets = (
				E78D1759292B477600FC3F33 /* LearningApp */,
				E78D1769292B477700FC3F33 /* LearningAppTests */,
				E78D1773292B477700FC3F33 /* LearningAppUITests */,
			);
		};
/* End PBXProject section */

/* Begin PBXResourcesBuildPhase section */
		E78D1758292B477600FC3F33 /* Resources */ = {
			isa = PBXResourcesBuildPhase;
			buildActionMask = 2147483647;
			files = (
				E78D1765292B477700FC3F33 /* Preview Assets.xcassets in Resources */,
				E78D1762292B477700FC3F33 /* Assets.xcassets in Resources */,
			);
			runOnlyForDeploymentPostprocessing = 0;
		};
		E78D1768292B477700FC3F33 /* Resources */ = {
			isa = PBXResourcesBuildPhase;
			buildActionMask = 2147483647;
			files = (
			);
			runOnlyForDeploymentPostprocessing = 0;
		};
		E78D1772292B477700FC3F33 /* Resources */ = {
			isa = PBXResourcesBuildPhase;
			buildActionMask = 2147483647;
			files = (
			);
			runOnlyForDeploymentPostprocessing = 0;
		};
/* End PBXResourcesBuildPhase section */

/* Begin PBXSourcesBuildPhase section */
		E78D1756292B477600FC3F33 /* Sources */ = {
			isa = PBXSourcesBuildPhase;
			buildActionMask = 2147483647;
			files = (
				E78D1760292B477600FC3F33 /* ContentView.swift in Sources */,
				E78D175E292B477600FC3F33 /* LearningAppApp.swift in Sources */,
			);
			runOnlyForDeploymentPostprocessing = 0;
		};
		E78D1766292B477700FC3F33 /* Sources */ = {
			isa = PBXSourcesBuildPhase;
			buildActionMask = 2147483647;
			files = (
				E78D176F292B477700FC3F33 /* LearningAppTests.swift in Sources */,
			);
			runOnlyForDeploymentPostprocessing = 0;
		};
		E78D1770292B477700FC3F33 /* Sources */ = {
			isa = PBXSourcesBuildPhase;
			buildActionMask = 2147483647;
			files = (
				E78D177B292B477700FC3F33 /* LearningAppUITestsLaunchTests.swift in Sources */,
				E78D1779292B477700FC3F33 /* LearningAppUITests.swift in Sources */,
			);
			runOnlyForDeploymentPostprocessing = 0;
		};
/* End PBXSourcesBuildPhase section */

/* Begin PBXTargetDependency section */
		E78D176C292B477700FC3F33 /* PBXTargetDependency */ = {
			isa = PBXTargetDependency;
			target = E78D1759292B477600FC3F33 /* LearningApp */;
			targetProxy = E78D176B292B477700FC3F33 /* PBXContainerItemProxy */;
		};
		E78D1776292B477700FC3F33 /* PBXTargetDependency */ = {
			isa = PBXTargetDependency;
			target = E78D1759292B477600FC3F33 /* LearningApp */;
			targetProxy = E78D1775292B477700FC3F33 /* PBXContainerItemProxy */;
		};
/* End PBXTargetDependency section */

/* Begin XCBuildConfiguration section */
		E78D177C292B477700FC3F33 /* Debug */ = {
			isa = XCBuildConfiguration;
			buildSettings = {
				ALWAYS_SEARCH_USER_PATHS = NO;
				CLANG_ANALYZER_NONNULL = YES;
				CLANG_ANALYZER_NUMBER_OBJECT_CONVERSION = YES_AGGRESSIVE;
				CLANG_CXX_LANGUAGE_STANDARD = "gnu++20";
				CLANG_ENABLE_MODULES = YES;
				CLANG_ENABLE_OBJC_ARC = YES;
				CLANG_ENABLE_OBJC_WEAK = YES;
				CLANG_WARN_BLOCK_CAPTURE_AUTORELEASING = YES;
				CLANG_WARN_BOOL_CONVERSION = YES;
				CLANG_WARN_COMMA = YES;
				CLANG_WARN_CONSTANT_CONVERSION = YES;
				CLANG_WARN_DEPRECATED_OBJC_IMPLEMENTATIONS = YES;
				CLANG_WARN_DIRECT_OBJC_ISA_USAGE = YES_ERROR;
				CLANG_WARN_DOCUMENTATION_COMMENTS = YES;
				CLANG_WARN_EMPTY_BODY = YES;
				CLANG_WARN_ENUM_CONVERSION = YES;
				CLANG_WARN_INFINITE_RECURSION = YES;
				CLANG_WARN_INT_CONVERSION = YES;
				CLANG_WARN_NON_LITERAL_NULL_CONVERSION = YES;
				CLANG_WARN_OBJC_IMPLICIT_RETAIN_SELF = YES;
				CLANG_WARN_OBJC_LITERAL_CONVERSION = YES;
				CLANG_WARN_OBJC_ROOT_CLASS = YES_ERROR;
				CLANG_WARN_QUOTED_INCLUDE_IN_FRAMEWORK_HEADER = YES;
				CLANG_WARN_RANGE_LOOP_ANALYSIS = YES;
				CLANG_WARN_STRICT_PROTOTYPES = YES;
				CLANG_WARN_SUSPICIOUS_MOVE = YES;
				CLANG_WARN_UNGUARDED_AVAILABILITY = YES_AGGRESSIVE;
				CLANG_WARN_UNREACHABLE_CODE = YES;
				CLANG_WARN__DUPLICATE_METHOD_MATCH = YES;
				COPY_PHASE_STRIP = NO;
				DEBUG_INFORMATION_FORMAT = dwarf;
				ENABLE_STRICT_OBJC_MSGSEND = YES;
				ENABLE_TESTABILITY = YES;
				GCC_C_LANGUAGE_STANDARD = gnu11;
				GCC_DYNAMIC_NO_PIC = NO;
				GCC_NO_COMMON_BLOCKS = YES;
				GCC_OPTIMIZATION_LEVEL = 0;
				GCC_PREPROCESSOR_DEFINITIONS = (
					"DEBUG=1",
					"$(inherited)",
				);
				GCC_WARN_64_TO_32_BIT_CONVERSION = YES;
				GCC_WARN_ABOUT_RETURN_TYPE = YES_ERROR;
				GCC_WARN_UNDECLARED_SELECTOR = YES;
				GCC_WARN_UNINITIALIZED_AUTOS = YES_AGGRESSIVE;
				GCC_WARN_UNUSED_FUNCTION = YES;
				GCC_WARN_UNUSED_VARIABLE = YES;
				IPHONEOS_DEPLOYMENT_TARGET = 16.1;
				MTL_ENABLE_DEBUG_INFO = INCLUDE_SOURCE;
				MTL_FAST_MATH = YES;
				ONLY_ACTIVE_ARCH = YES;
				SDKROOT = iphoneos;
				SWIFT_ACTIVE_COMPILATION_CONDITIONS = DEBUG;
				SWIFT_OPTIMIZATION_LEVEL = "-Onone";
			};
			name = Debug;
		};
		E78D177D292B477700FC3F33 /* Release */ = {
			isa = XCBuildConfiguration;
			buildSettings = {
				ALWAYS_SEARCH_USER_PATHS = NO;
				CLANG_ANALYZER_NONNULL = YES;
				CLANG_ANALYZER_NUMBER_OBJECT_CONVERSION = YES_AGGRESSIVE;
				CLANG_CXX_LANGUAGE_STANDARD = "gnu++20";
				CLANG_ENABLE_MODULES = YES;
				CLANG_ENABLE_OBJC_ARC = YES;
				CLANG_ENABLE_OBJC_WEAK = YES;
				CLANG_WARN_BLOCK_CAPTURE_AUTORELEASING = YES;
				CLANG_WARN_BOOL_CONVERSION = YES;
				CLANG_WARN_COMMA = YES;
				CLANG_WARN_CONSTANT_CONVERSION = YES;
				CLANG_WARN_DEPRECATED_OBJC_IMPLEMENTATIONS = YES;
				CLANG_WARN_DIRECT_OBJC_ISA_USAGE = YES_ERROR;
				CLANG_WARN_DOCUMENTATION_COMMENTS = YES;
				CLANG_WARN_EMPTY_BODY = YES;
				CLANG_WARN_ENUM_CONVERSION = YES;
				CLANG_WARN_INFINITE_RECURSION = YES;
				CLANG_WARN_INT_CONVERSION = YES;
				CLANG_WARN_NON_LITERAL_NULL_CONVERSION = YES;
				CLANG_WARN_OBJC_IMPLICIT_RETAIN_SELF = YES;
				CLANG_WARN_OBJC_LITERAL_CONVERSION = YES;
				CLANG_WARN_OBJC_ROOT_CLASS = YES_ERROR;
				CLANG_WARN_QUOTED_INCLUDE_IN_FRAMEWORK_HEADER = YES;
				CLANG_WARN_RANGE_LOOP_ANALYSIS = YES;
				CLANG_WARN_STRICT_PROTOTYPES = YES;
				CLANG_WARN_SUSPICIOUS_MOVE = YES;
				CLANG_WARN_UNGUARDED_AVAILABILITY = YES_AGGRESSIVE;
				CLANG_WARN_UNREACHABLE_CODE = YES;
				CLANG_WARN__DUPLICATE_METHOD_MATCH = YES;
				COPY_PHASE_STRIP = NO;
				DEBUG_INFORMATION_FORMAT = "dwarf-with-dsym";
				ENABLE_NS_ASSERTIONS = NO;
				ENABLE_STRICT_OBJC_MSGSEND = YES;
				GCC_C_LANGUAGE_STANDARD = gnu11;
				GCC_NO_COMMON_BLOCKS = YES;
				GCC_WARN_64_TO_32_BIT_CONVERSION = YES;
				GCC_WARN_ABOUT_RETURN_TYPE = YES_ERROR;
				GCC_WARN_UNDECLARED_SELECTOR = YES;
				GCC_WARN_UNINITIALIZED_AUTOS = YES_AGGRESSIVE;
				GCC_WARN_UNUSED_FUNCTION = YES;
				GCC_WARN_UNUSED_VARIABLE = YES;
				IPHONEOS_DEPLOYMENT_TARGET = 16.1;
				MTL_ENABLE_DEBUG_INFO = NO;
				MTL_FAST_MATH = YES;
				SDKROOT = iphoneos;
				SWIFT_COMPILATION_MODE = wholemodule;
				SWIFT_OPTIMIZATION_LEVEL = "-O";
				VALIDATE_PRODUCT = YES;
			};
			name = Release;
		};
		E78D177F292B477700FC3F33 /* Debug */ = {
			isa = XCBuildConfiguration;
			buildSettings = {
				ASSETCATALOG_COMPILER_APPICON_NAME = AppIcon;
				ASSETCATALOG_COMPILER_GLOBAL_ACCENT_COLOR_NAME = AccentColor;
				CODE_SIGN_STYLE = Automatic;
				CURRENT_PROJECT_VERSION = 1;
				DEVELOPMENT_ASSET_PATHS = "\"LearningApp/Preview Content\"";
				ENABLE_PREVIEWS = YES;
				GENERATE_INFOPLIST_FILE = YES;
				INFOPLIST_KEY_UIApplicationSceneManifest_Generation = YES;
				INFOPLIST_KEY_UIApplicationSupportsIndirectInputEvents = YES;
				INFOPLIST_KEY_UILaunchScreen_Generation = YES;
				INFOPLIST_KEY_UISupportedInterfaceOrientations_iPad = "UIInterfaceOrientationPortrait UIInterfaceOrientationPortraitUpsideDown UIInterfaceOrientationLandscapeLeft UIInterfaceOrientationLandscapeRight";
				INFOPLIST_KEY_UISupportedInterfaceOrientations_iPhone = "UIInterfaceOrientationPortrait UIInterfaceOrientationLandscapeLeft UIInterfaceOrientationLandscapeRight";
				LD_RUNPATH_SEARCH_PATHS = (
					"$(inherited)",
					"@executable_path/Frameworks",
				);
				MARKETING_VERSION = 1.0;
				PRODUCT_BUNDLE_IDENTIFIER = tranthanhh.LearningApp;
				PRODUCT_NAME = "$(TARGET_NAME)";
				SWIFT_EMIT_LOC_STRINGS = YES;
				SWIFT_VERSION = 5.0;
				TARGETED_DEVICE_FAMILY = "1,2";
			};
			name = Debug;
		};
		E78D1780292B477700FC3F33 /* Release */ = {
			isa = XCBuildConfiguration;
			buildSettings = {
				ASSETCATALOG_COMPILER_APPICON_NAME = AppIcon;
				ASSETCATALOG_COMPILER_GLOBAL_ACCENT_COLOR_NAME = AccentColor;
				CODE_SIGN_STYLE = Automatic;
				CURRENT_PROJECT_VERSION = 1;
				DEVELOPMENT_ASSET_PATHS = "\"LearningApp/Preview Content\"";
				ENABLE_PREVIEWS = YES;
				GENERATE_INFOPLIST_FILE = YES;
				INFOPLIST_KEY_UIApplicationSceneManifest_Generation = YES;
				INFOPLIST_KEY_UIApplicationSupportsIndirectInputEvents = YES;
				INFOPLIST_KEY_UILaunchScreen_Generation = YES;
				INFOPLIST_KEY_UISupportedInterfaceOrientations_iPad = "UIInterfaceOrientationPortrait UIInterfaceOrientationPortraitUpsideDown UIInterfaceOrientationLandscapeLeft UIInterfaceOrientationLandscapeRight";
				INFOPLIST_KEY_UISupportedInterfaceOrientations_iPhone = "UIInterfaceOrientationPortrait UIInterfaceOrientationLandscapeLeft UIInterfaceOrientationLandscapeRight";
				LD_RUNPATH_SEARCH_PATHS = (
					"$(inherited)",
					"@executable_path/Frameworks",
				);
				MARKETING_VERSION = 1.0;
				PRODUCT_BUNDLE_IDENTIFIER = tranthanhh.LearningApp;
				PRODUCT_NAME = "$(TARGET_NAME)";
				SWIFT_EMIT_LOC_STRINGS = YES;
				SWIFT_VERSION = 5.0;
				TARGETED_DEVICE_FAMILY = "1,2";
			};
			name = Release;
		};
		E78D1782292B477700FC3F33 /* Debug */ = {
			isa = XCBuildConfiguration;
			buildSettings = {
				ALWAYS_EMBED_SWIFT_STANDARD_LIBRARIES = YES;
				BUNDLE_LOADER = "$(TEST_HOST)";
				CODE_SIGN_STYLE = Automatic;
				CURRENT_PROJECT_VERSION = 1;
				GENERATE_INFOPLIST_FILE = YES;
				IPHONEOS_DEPLOYMENT_TARGET = 16.1;
				MARKETING_VERSION = 1.0;
				PRODUCT_BUNDLE_IDENTIFIER = tranthanhh.LearningAppTests;
				PRODUCT_NAME = "$(TARGET_NAME)";
				SWIFT_EMIT_LOC_STRINGS = NO;
				SWIFT_VERSION = 5.0;
				TARGETED_DEVICE_FAMILY = "1,2";
				TEST_HOST = "$(BUILT_PRODUCTS_DIR)/LearningApp.app/$(BUNDLE_EXECUTABLE_FOLDER_PATH)/LearningApp";
			};
			name = Debug;
		};
		E78D1783292B477700FC3F33 /* Release */ = {
			isa = XCBuildConfiguration;
			buildSettings = {
				ALWAYS_EMBED_SWIFT_STANDARD_LIBRARIES = YES;
				BUNDLE_LOADER = "$(TEST_HOST)";
				CODE_SIGN_STYLE = Automatic;
				CURRENT_PROJECT_VERSION = 1;
				GENERATE_INFOPLIST_FILE = YES;
				IPHONEOS_DEPLOYMENT_TARGET = 16.1;
				MARKETING_VERSION = 1.0;
				PRODUCT_BUNDLE_IDENTIFIER = tranthanhh.LearningAppTests;
				PRODUCT_NAME = "$(TARGET_NAME)";
				SWIFT_EMIT_LOC_STRINGS = NO;
				SWIFT_VERSION = 5.0;
				TARGETED_DEVICE_FAMILY = "1,2";
				TEST_HOST = "$(BUILT_PRODUCTS_DIR)/LearningApp.app/$(BUNDLE_EXECUTABLE_FOLDER_PATH)/LearningApp";
			};
			name = Release;
		};
		E78D1785292B477700FC3F33 /* Debug */ = {
			isa = XCBuildConfiguration;
			buildSettings = {
				ALWAYS_EMBED_SWIFT_STANDARD_LIBRARIES = YES;
				CODE_SIGN_STYLE = Automatic;
				CURRENT_PROJECT_VERSION = 1;
				GENERATE_INFOPLIST_FILE = YES;
				MARKETING_VERSION = 1.0;
				PRODUCT_BUNDLE_IDENTIFIER = tranthanhh.LearningAppUITests;
				PRODUCT_NAME = "$(TARGET_NAME)";
				SWIFT_EMIT_LOC_STRINGS = NO;
				SWIFT_VERSION = 5.0;
				TARGETED_DEVICE_FAMILY = "1,2";
				TEST_TARGET_NAME = LearningApp;
			};
			name = Debug;
		};
		E78D1786292B477700FC3F33 /* Release */ = {
			isa = XCBuildConfiguration;
			buildSettings = {
				ALWAYS_EMBED_SWIFT_STANDARD_LIBRARIES = YES;
				CODE_SIGN_STYLE = Automatic;
				CURRENT_PROJECT_VERSION = 1;
				GENERATE_INFOPLIST_FILE = YES;
				MARKETING_VERSION = 1.0;
				PRODUCT_BUNDLE_IDENTIFIER = tranthanhh.LearningAppUITests;
				PRODUCT_NAME = "$(TARGET_NAME)";
				SWIFT_EMIT_LOC_STRINGS = NO;
				SWIFT_VERSION = 5.0;
				TARGETED_DEVICE_FAMILY = "1,2";
				TEST_TARGET_NAME = LearningApp;
			};
			name = Release;
		};
/* End XCBuildConfiguration section */

/* Begin XCConfigurationList section */
		E78D1755292B477600FC3F33 /* Build configuration list for PBXProject "LearningApp" */ = {
			isa = XCConfigurationList;
			buildConfigurations = (
				E78D177C292B477700FC3F33 /* Debug */,
				E78D177D292B477700FC3F33 /* Release */,
			);
			defaultConfigurationIsVisible = 0;
			defaultConfigurationName = Release;
		};
		E78D177E292B477700FC3F33 /* Build configuration list for PBXNativeTarget "LearningApp" */ = {
			isa = XCConfigurationList;
			buildConfigurations = (
				E78D177F292B477700FC3F33 /* Debug */,
				E78D1780292B477700FC3F33 /* Release */,
			);
			defaultConfigurationIsVisible = 0;
			defaultConfigurationName = Release;
		};
		E78D1781292B477700FC3F33 /* Build configuration list for PBXNativeTarget "LearningAppTests" */ = {
			isa = XCConfigurationList;
			buildConfigurations = (
				E78D1782292B477700FC3F33 /* Debug */,
				E78D1783292B477700FC3F33 /* Release */,
			);
			defaultConfigurationIsVisible = 0;
			defaultConfigurationName = Release;
		};
		E78D1784292B477700FC3F33 /* Build configuration list for PBXNativeTarget "LearningAppUITests" */ = {
			isa = XCConfigurationList;
			buildConfigurations = (
				E78D1785292B477700FC3F33 /* Debug */,
				E78D1786292B477700FC3F33 /* Release */,
			);
			defaultConfigurationIsVisible = 0;
			defaultConfigurationName = Release;
		};
/* End XCConfigurationList section */
	};
	rootObject = E78D1752292B477600FC3F33 /* Project object */;
}
